{
  "originHash" : "4ec418f4430d832ea7fb9850dd7206f51ebed26e9b94c681d288f06307d3ef57",
  "pins" : [
    {
      "identity" : "swift-syntax",
      "kind" : "remoteSourceControl",
      "location" : "https://github.com/apple/swift-syntax.git",
      "state" : {
        "revision" : "43c802fb7f96e090dde015344a94b5e85779eff1",
        "version" : "509.1.0"
      }
    },
    {
      "identity" : "ukatonswiftmacros",
      "kind" : "remoteSourceControl",
      "location" : "https://github.com/zakaton/UkatonSwiftMacros.git",
      "state" : {
        "branch" : "main",
        "revision" : "ddce635c0c565ee3257ef415de7117ec3e787bd7"
      }
    }
  ],
  "version" : 3
}
