// !$*UTF8*$!
{
	archiveVersion = 1;
	classes = {
	};
	objectVersion = 56;
	objects = {

/* Begin PBXBuildFile section */
		5F5E4BBE2B376E8100230300 /* BrowserViewModel+WKNavigationDelegate.swift in Sources */ = {isa = PBXBuildFile; fileRef = 5F5E4BBD2B376E8100230300 /* BrowserViewModel+WKNavigationDelegate.swift */; };
		5F5E4BBF2B376E8100230300 /* BrowserViewModel+WKNavigationDelegate.swift in Sources */ = {isa = PBXBuildFile; fileRef = 5F5E4BBD2B376E8100230300 /* BrowserViewModel+WKNavigationDelegate.swift */; };
		5F5E4BC12B37733B00230300 /* BrowserViewModel+UIScrollViewDelegate.swift in Sources */ = {isa = PBXBuildFile; fileRef = 5F5E4BC02B37733B00230300 /* BrowserViewModel+UIScrollViewDelegate.swift */; };
		5F8949262B35089300AF3341 /* Preview Assets.xcassets in Resources */ = {isa = PBXBuildFile; fileRef = 5F8949202B35089300AF3341 /* Preview Assets.xcassets */; };
		5F8949272B35089300AF3341 /* ContentView.swift in Sources */ = {isa = PBXBuildFile; fileRef = 5F8949222B35089300AF3341 /* ContentView.swift */; };
		5F8949362B3508E500AF3341 /* Preview Assets.xcassets in Resources */ = {isa = PBXBuildFile; fileRef = 5F8949352B3508E500AF3341 /* Preview Assets.xcassets */; };
		5FA4BE9D2B35119F00138B35 /* SafariWebExtensionHandler.swift in Sources */ = {isa = PBXBuildFile; fileRef = 5FA4BE9C2B35119F00138B35 /* SafariWebExtensionHandler.swift */; };
		5FA4BEA02B35119F00138B35 /* _locales in Resources */ = {isa = PBXBuildFile; fileRef = 5FA4BE9F2B35119F00138B35 /* _locales */; };
		5FA4BEA22B35119F00138B35 /* images in Resources */ = {isa = PBXBuildFile; fileRef = 5FA4BEA12B35119F00138B35 /* images */; };
		5FA4BEA42B35119F00138B35 /* manifest.json in Resources */ = {isa = PBXBuildFile; fileRef = 5FA4BEA32B35119F00138B35 /* manifest.json */; };
		5FA4BEA62B35119F00138B35 /* background.js in Resources */ = {isa = PBXBuildFile; fileRef = 5FA4BEA52B35119F00138B35 /* background.js */; };
		5FA4BEA82B35119F00138B35 /* content.js in Resources */ = {isa = PBXBuildFile; fileRef = 5FA4BEA72B35119F00138B35 /* content.js */; };
		5FA4BEAA2B35119F00138B35 /* popup.html in Resources */ = {isa = PBXBuildFile; fileRef = 5FA4BEA92B35119F00138B35 /* popup.html */; };
		5FA4BEAC2B35119F00138B35 /* popup.css in Resources */ = {isa = PBXBuildFile; fileRef = 5FA4BEAB2B35119F00138B35 /* popup.css */; };
		5FA4BEAE2B35119F00138B35 /* popup.js in Resources */ = {isa = PBXBuildFile; fileRef = 5FA4BEAD2B35119F00138B35 /* popup.js */; };
		5FA4BEB22B35119F00138B35 /* (iOS) Extension.appex in Embed Foundation Extensions */ = {isa = PBXBuildFile; fileRef = 5FA4BE9A2B35119F00138B35 /* (iOS) Extension.appex */; settings = {ATTRIBUTES = (RemoveHeadersOnCopy, ); }; };
		5FA4BED42B35121700138B35 /* (Mac) Extension.appex in Embed Foundation Extensions */ = {isa = PBXBuildFile; fileRef = 5FA4BEBB2B35121700138B35 /* (Mac) Extension.appex */; settings = {ATTRIBUTES = (RemoveHeadersOnCopy, ); }; };
		5FA4BED92B3516B300138B35 /* SafariWebExtensionHandler.swift in Sources */ = {isa = PBXBuildFile; fileRef = 5FA4BE9C2B35119F00138B35 /* SafariWebExtensionHandler.swift */; };
		5FA4BEDA2B3516E300138B35 /* background.js in Resources */ = {isa = PBXBuildFile; fileRef = 5FA4BEA52B35119F00138B35 /* background.js */; };
		5FA4BEDB2B3516E300138B35 /* popup.css in Resources */ = {isa = PBXBuildFile; fileRef = 5FA4BEAB2B35119F00138B35 /* popup.css */; };
		5FA4BEDC2B3516E300138B35 /* content.js in Resources */ = {isa = PBXBuildFile; fileRef = 5FA4BEA72B35119F00138B35 /* content.js */; };
		5FA4BEDD2B3516E300138B35 /* manifest.json in Resources */ = {isa = PBXBuildFile; fileRef = 5FA4BEA32B35119F00138B35 /* manifest.json */; };
		5FA4BEDE2B3516E300138B35 /* popup.html in Resources */ = {isa = PBXBuildFile; fileRef = 5FA4BEA92B35119F00138B35 /* popup.html */; };
		5FA4BEDF2B3516E300138B35 /* popup.js in Resources */ = {isa = PBXBuildFile; fileRef = 5FA4BEAD2B35119F00138B35 /* popup.js */; };
		5FA4BEE02B3516EE00138B35 /* _locales in Resources */ = {isa = PBXBuildFile; fileRef = 5FA4BE9F2B35119F00138B35 /* _locales */; };
		5FA4BEE12B3516F100138B35 /* images in Resources */ = {isa = PBXBuildFile; fileRef = 5FA4BEA12B35119F00138B35 /* images */; };
		5FA4BEE42B361AB200138B35 /* UkatonMacros in Frameworks */ = {isa = PBXBuildFile; productRef = 5FA4BEE32B361AB200138B35 /* UkatonMacros */; };
		5FBD16A52B361B3400B8B1A5 /* UkatonMacros in Frameworks */ = {isa = PBXBuildFile; productRef = 5FBD16A42B361B3400B8B1A5 /* UkatonMacros */; };
		5FBD16A72B361B3900B8B1A5 /* UkatonMacros in Frameworks */ = {isa = PBXBuildFile; productRef = 5FBD16A62B361B3900B8B1A5 /* UkatonMacros */; };
		5FBD16A92B361B3B00B8B1A5 /* UkatonMacros in Frameworks */ = {isa = PBXBuildFile; productRef = 5FBD16A82B361B3B00B8B1A5 /* UkatonMacros */; };
		5FBD16AB2B361C3900B8B1A5 /* BrowserView.swift in Sources */ = {isa = PBXBuildFile; fileRef = 5FBD16AA2B361C3900B8B1A5 /* BrowserView.swift */; };
		5FBD16AC2B361C3900B8B1A5 /* BrowserView.swift in Sources */ = {isa = PBXBuildFile; fileRef = 5FBD16AA2B361C3900B8B1A5 /* BrowserView.swift */; };
		5FBD16B32B362D2200B8B1A5 /* BrowserViewModel.swift in Sources */ = {isa = PBXBuildFile; fileRef = 5FBD16B22B362D2200B8B1A5 /* BrowserViewModel.swift */; };
		5FBD16B42B362D2200B8B1A5 /* BrowserViewModel.swift in Sources */ = {isa = PBXBuildFile; fileRef = 5FBD16B22B362D2200B8B1A5 /* BrowserViewModel.swift */; };
		5FBD16BB2B36340500B8B1A5 /* BrowserWebView +UIViewRepresentable.swift in Sources */ = {isa = PBXBuildFile; fileRef = 5FBD16BA2B36340500B8B1A5 /* BrowserWebView +UIViewRepresentable.swift */; };
		5FBD16BD2B36347000B8B1A5 /* BrowserWebView+NSViewRepresentable.swift in Sources */ = {isa = PBXBuildFile; fileRef = 5FBD16BC2B36347000B8B1A5 /* BrowserWebView+NSViewRepresentable.swift */; };
		5FBD16BF2B36523C00B8B1A5 /* BrowserWebView.swift in Sources */ = {isa = PBXBuildFile; fileRef = 5FBD16BE2B36523C00B8B1A5 /* BrowserWebView.swift */; };
		5FBD16C02B36523C00B8B1A5 /* BrowserWebView.swift in Sources */ = {isa = PBXBuildFile; fileRef = 5FBD16BE2B36523C00B8B1A5 /* BrowserWebView.swift */; };
		5FBD16C12B36539300B8B1A5 /* ContentView.swift in Sources */ = {isa = PBXBuildFile; fileRef = 5F8949222B35089300AF3341 /* ContentView.swift */; };
		5FBD16C42B3676C600B8B1A5 /* ViewModifier.swift in Sources */ = {isa = PBXBuildFile; fileRef = 5FBD16C32B3676C600B8B1A5 /* ViewModifier.swift */; };
		5FBD16C52B3676C600B8B1A5 /* ViewModifier.swift in Sources */ = {isa = PBXBuildFile; fileRef = 5FBD16C32B3676C600B8B1A5 /* ViewModifier.swift */; };
		5FBD16C72B36B63E00B8B1A5 /* NativeWebKitApp.swift in Sources */ = {isa = PBXBuildFile; fileRef = 5FBD16C62B36B63E00B8B1A5 /* NativeWebKitApp.swift */; };
		5FBD16C82B37520F00B8B1A5 /* NativeWebKitApp.swift in Sources */ = {isa = PBXBuildFile; fileRef = 5FBD16C62B36B63E00B8B1A5 /* NativeWebKitApp.swift */; };
		5FBD16CA2B3761E000B8B1A5 /* BrowserView+ToolbarItems.swift in Sources */ = {isa = PBXBuildFile; fileRef = 5FBD16C92B3761E000B8B1A5 /* BrowserView+ToolbarItems.swift */; };
		5FBD16CD2B37621600B8B1A5 /* BrowserView+ToolbarItems.swift in Sources */ = {isa = PBXBuildFile; fileRef = 5FBD16CB2B37620300B8B1A5 /* BrowserView+ToolbarItems.swift */; };
		5FBD16CF2B376B2900B8B1A5 /* BrowserView+toolbarItems.swift in Sources */ = {isa = PBXBuildFile; fileRef = 5FBD16CE2B376B2900B8B1A5 /* BrowserView+toolbarItems.swift */; };
		5FBD16D02B376B2900B8B1A5 /* BrowserView+toolbarItems.swift in Sources */ = {isa = PBXBuildFile; fileRef = 5FBD16CE2B376B2900B8B1A5 /* BrowserView+toolbarItems.swift */; };
		5FD60D762B350DF700D6F98C /* Assets.xcassets in Resources */ = {isa = PBXBuildFile; fileRef = 5FD60D752B350DF700D6F98C /* Assets.xcassets */; };
		5FD60D772B350DF700D6F98C /* Assets.xcassets in Resources */ = {isa = PBXBuildFile; fileRef = 5FD60D752B350DF700D6F98C /* Assets.xcassets */; };
/* End PBXBuildFile section */

/* Begin PBXContainerItemProxy section */
		5FA4BEB02B35119F00138B35 /* PBXContainerItemProxy */ = {
			isa = PBXContainerItemProxy;
			containerPortal = 5F87CF042B33B59900E951E7 /* Project object */;
			proxyType = 1;
			remoteGlobalIDString = 5FA4BE992B35119F00138B35;
			remoteInfo = Extension;
		};
		5FA4BED22B35121700138B35 /* PBXContainerItemProxy */ = {
			isa = PBXContainerItemProxy;
			containerPortal = 5F87CF042B33B59900E951E7 /* Project object */;
			proxyType = 1;
			remoteGlobalIDString = 5FA4BEBA2B35121700138B35;
			remoteInfo = Extension;
		};
/* End PBXContainerItemProxy section */

/* Begin PBXCopyFilesBuildPhase section */
		5FA4BEB62B35119F00138B35 /* Embed Foundation Extensions */ = {
			isa = PBXCopyFilesBuildPhase;
			buildActionMask = 2147483647;
			dstPath = "";
			dstSubfolderSpec = 13;
			files = (
				5FA4BEB22B35119F00138B35 /* (iOS) Extension.appex in Embed Foundation Extensions */,
			);
			name = "Embed Foundation Extensions";
			runOnlyForDeploymentPostprocessing = 0;
		};
		5FA4BED82B35121700138B35 /* Embed Foundation Extensions */ = {
			isa = PBXCopyFilesBuildPhase;
			buildActionMask = 2147483647;
			dstPath = "";
			dstSubfolderSpec = 13;
			files = (
				5FA4BED42B35121700138B35 /* (Mac) Extension.appex in Embed Foundation Extensions */,
			);
			name = "Embed Foundation Extensions";
			runOnlyForDeploymentPostprocessing = 0;
		};
/* End PBXCopyFilesBuildPhase section */

/* Begin PBXFileReference section */
		5F5E4BBD2B376E8100230300 /* BrowserViewModel+WKNavigationDelegate.swift */ = {isa = PBXFileReference; lastKnownFileType = sourcecode.swift; path = "BrowserViewModel+WKNavigationDelegate.swift"; sourceTree = "<group>"; };
		5F5E4BC02B37733B00230300 /* BrowserViewModel+UIScrollViewDelegate.swift */ = {isa = PBXFileReference; lastKnownFileType = sourcecode.swift; path = "BrowserViewModel+UIScrollViewDelegate.swift"; sourceTree = "<group>"; };
		5F87CF0C2B33B59900E951E7 /* (iOS) NativeWebKit.app */ = {isa = PBXFileReference; explicitFileType = wrapper.application; includeInIndex = 0; path = "(iOS) NativeWebKit.app"; sourceTree = BUILT_PRODUCTS_DIR; };
		5F89491E2B35089300AF3341 /* Assets.xcassets */ = {isa = PBXFileReference; lastKnownFileType = folder.assetcatalog; path = Assets.xcassets; sourceTree = "<group>"; };
		5F8949202B35089300AF3341 /* Preview Assets.xcassets */ = {isa = PBXFileReference; lastKnownFileType = folder.assetcatalog; path = "Preview Assets.xcassets"; sourceTree = "<group>"; };
		5F8949212B35089300AF3341 /* NativeWebKit.entitlements */ = {isa = PBXFileReference; fileEncoding = 4; lastKnownFileType = text.plist.entitlements; path = NativeWebKit.entitlements; sourceTree = "<group>"; };
		5F8949222B35089300AF3341 /* ContentView.swift */ = {isa = PBXFileReference; fileEncoding = 4; lastKnownFileType = sourcecode.swift; path = ContentView.swift; sourceTree = "<group>"; };
		5F89492C2B3508E400AF3341 /* (Mac) NativeWebKit.app */ = {isa = PBXFileReference; explicitFileType = wrapper.application; includeInIndex = 0; path = "(Mac) NativeWebKit.app"; sourceTree = BUILT_PRODUCTS_DIR; };
		5F8949322B3508E500AF3341 /* Assets.xcassets */ = {isa = PBXFileReference; lastKnownFileType = folder.assetcatalog; path = Assets.xcassets; sourceTree = "<group>"; };
		5F8949352B3508E500AF3341 /* Preview Assets.xcassets */ = {isa = PBXFileReference; lastKnownFileType = folder.assetcatalog; path = "Preview Assets.xcassets"; sourceTree = "<group>"; };
		5F8949372B3508E500AF3341 /* NativeWebKit.entitlements */ = {isa = PBXFileReference; lastKnownFileType = text.plist.entitlements; path = NativeWebKit.entitlements; sourceTree = "<group>"; };
		5FA4BE952B35113B00138B35 /* TODO.txt */ = {isa = PBXFileReference; lastKnownFileType = text; path = TODO.txt; sourceTree = "<group>"; };
		5FA4BE9A2B35119F00138B35 /* (iOS) Extension.appex */ = {isa = PBXFileReference; explicitFileType = "wrapper.app-extension"; includeInIndex = 0; path = "(iOS) Extension.appex"; sourceTree = BUILT_PRODUCTS_DIR; };
		5FA4BE9C2B35119F00138B35 /* SafariWebExtensionHandler.swift */ = {isa = PBXFileReference; lastKnownFileType = sourcecode.swift; path = SafariWebExtensionHandler.swift; sourceTree = "<group>"; };
		5FA4BE9F2B35119F00138B35 /* _locales */ = {isa = PBXFileReference; lastKnownFileType = folder; path = _locales; sourceTree = "<group>"; };
		5FA4BEA12B35119F00138B35 /* images */ = {isa = PBXFileReference; lastKnownFileType = folder; path = images; sourceTree = "<group>"; };
		5FA4BEA32B35119F00138B35 /* manifest.json */ = {isa = PBXFileReference; lastKnownFileType = text.json; path = manifest.json; sourceTree = "<group>"; };
		5FA4BEA52B35119F00138B35 /* background.js */ = {isa = PBXFileReference; lastKnownFileType = sourcecode.javascript; path = background.js; sourceTree = "<group>"; };
		5FA4BEA72B35119F00138B35 /* content.js */ = {isa = PBXFileReference; lastKnownFileType = sourcecode.javascript; path = content.js; sourceTree = "<group>"; };
		5FA4BEA92B35119F00138B35 /* popup.html */ = {isa = PBXFileReference; lastKnownFileType = text.html; path = popup.html; sourceTree = "<group>"; };
		5FA4BEAB2B35119F00138B35 /* popup.css */ = {isa = PBXFileReference; lastKnownFileType = text.css; path = popup.css; sourceTree = "<group>"; };
		5FA4BEAD2B35119F00138B35 /* popup.js */ = {isa = PBXFileReference; lastKnownFileType = sourcecode.javascript; path = popup.js; sourceTree = "<group>"; };
		5FA4BEAF2B35119F00138B35 /* Info.plist */ = {isa = PBXFileReference; lastKnownFileType = text.plist.xml; path = Info.plist; sourceTree = "<group>"; };
		5FA4BEBB2B35121700138B35 /* (Mac) Extension.appex */ = {isa = PBXFileReference; explicitFileType = "wrapper.app-extension"; includeInIndex = 0; path = "(Mac) Extension.appex"; sourceTree = BUILT_PRODUCTS_DIR; };
		5FA4BED02B35121700138B35 /* Info.plist */ = {isa = PBXFileReference; lastKnownFileType = text.plist.xml; path = Info.plist; sourceTree = "<group>"; };
		5FA4BED12B35121700138B35 /* Extension.entitlements */ = {isa = PBXFileReference; lastKnownFileType = text.plist.entitlements; path = Extension.entitlements; sourceTree = "<group>"; };
		5FBD16AA2B361C3900B8B1A5 /* BrowserView.swift */ = {isa = PBXFileReference; lastKnownFileType = sourcecode.swift; path = BrowserView.swift; sourceTree = "<group>"; };
		5FBD16B22B362D2200B8B1A5 /* BrowserViewModel.swift */ = {isa = PBXFileReference; lastKnownFileType = sourcecode.swift; path = BrowserViewModel.swift; sourceTree = "<group>"; };
		5FBD16BA2B36340500B8B1A5 /* BrowserWebView +UIViewRepresentable.swift */ = {isa = PBXFileReference; lastKnownFileType = sourcecode.swift; path = "BrowserWebView +UIViewRepresentable.swift"; sourceTree = "<group>"; };
		5FBD16BC2B36347000B8B1A5 /* BrowserWebView+NSViewRepresentable.swift */ = {isa = PBXFileReference; lastKnownFileType = sourcecode.swift; path = "BrowserWebView+NSViewRepresentable.swift"; sourceTree = "<group>"; };
		5FBD16BE2B36523C00B8B1A5 /* BrowserWebView.swift */ = {isa = PBXFileReference; lastKnownFileType = sourcecode.swift; path = BrowserWebView.swift; sourceTree = "<group>"; };
		5FBD16C32B3676C600B8B1A5 /* ViewModifier.swift */ = {isa = PBXFileReference; lastKnownFileType = sourcecode.swift; path = ViewModifier.swift; sourceTree = "<group>"; };
		5FBD16C62B36B63E00B8B1A5 /* NativeWebKitApp.swift */ = {isa = PBXFileReference; lastKnownFileType = sourcecode.swift; path = NativeWebKitApp.swift; sourceTree = "<group>"; };
		5FBD16C92B3761E000B8B1A5 /* BrowserView+ToolbarItems.swift */ = {isa = PBXFileReference; lastKnownFileType = sourcecode.swift; path = "BrowserView+ToolbarItems.swift"; sourceTree = "<group>"; };
		5FBD16CB2B37620300B8B1A5 /* BrowserView+ToolbarItems.swift */ = {isa = PBXFileReference; lastKnownFileType = sourcecode.swift; path = "BrowserView+ToolbarItems.swift"; sourceTree = "<group>"; };
		5FBD16CE2B376B2900B8B1A5 /* BrowserView+toolbarItems.swift */ = {isa = PBXFileReference; lastKnownFileType = sourcecode.swift; path = "BrowserView+toolbarItems.swift"; sourceTree = "<group>"; };
		5FD60D752B350DF700D6F98C /* Assets.xcassets */ = {isa = PBXFileReference; lastKnownFileType = folder.assetcatalog; path = Assets.xcassets; sourceTree = "<group>"; };
/* End PBXFileReference section */

/* Begin PBXFrameworksBuildPhase section */
		5F87CF092B33B59900E951E7 /* Frameworks */ = {
			isa = PBXFrameworksBuildPhase;
			buildActionMask = 2147483647;
			files = (
				5FA4BEE42B361AB200138B35 /* UkatonMacros in Frameworks */,
			);
			runOnlyForDeploymentPostprocessing = 0;
		};
		5F8949292B3508E400AF3341 /* Frameworks */ = {
			isa = PBXFrameworksBuildPhase;
			buildActionMask = 2147483647;
			files = (
				5FBD16A52B361B3400B8B1A5 /* UkatonMacros in Frameworks */,
			);
			runOnlyForDeploymentPostprocessing = 0;
		};
		5FA4BE972B35119F00138B35 /* Frameworks */ = {
			isa = PBXFrameworksBuildPhase;
			buildActionMask = 2147483647;
			files = (
				5FBD16A72B361B3900B8B1A5 /* UkatonMacros in Frameworks */,
			);
			runOnlyForDeploymentPostprocessing = 0;
		};
		5FA4BEB82B35121700138B35 /* Frameworks */ = {
			isa = PBXFrameworksBuildPhase;
			buildActionMask = 2147483647;
			files = (
				5FBD16A92B361B3B00B8B1A5 /* UkatonMacros in Frameworks */,
			);
			runOnlyForDeploymentPostprocessing = 0;
		};
/* End PBXFrameworksBuildPhase section */

/* Begin PBXGroup section */
		5F0E4D7B2B350BA60027C202 /* Shared */ = {
			isa = PBXGroup;
			children = (
				5FBD16C22B3676BE00B8B1A5 /* utils */,
				5FD60D752B350DF700D6F98C /* Assets.xcassets */,
			);
			path = Shared;
			sourceTree = "<group>";
		};
		5F87CF032B33B59900E951E7 = {
			isa = PBXGroup;
			children = (
				5FA4BE952B35113B00138B35 /* TODO.txt */,
				5F0E4D7B2B350BA60027C202 /* Shared */,
				5F87CF1E2B33B66A00E951E7 /* (Shared) App */,
				5F87CF1F2B33B67800E951E7 /* (Shared) Extension */,
				5F89491B2B35089300AF3341 /* (iOS) App */,
				5F89492D2B3508E400AF3341 /* (Mac) App */,
				5FA4BE9B2B35119F00138B35 /* (iOS) Extension */,
				5FA4BEBC2B35121700138B35 /* (Mac) Extension */,
				5F87CF0D2B33B59900E951E7 /* Products */,
				5FBD16A32B361B3400B8B1A5 /* Frameworks */,
			);
			sourceTree = "<group>";
		};
		5F87CF0D2B33B59900E951E7 /* Products */ = {
			isa = PBXGroup;
			children = (
				5F87CF0C2B33B59900E951E7 /* (iOS) NativeWebKit.app */,
				5F89492C2B3508E400AF3341 /* (Mac) NativeWebKit.app */,
				5FA4BE9A2B35119F00138B35 /* (iOS) Extension.appex */,
				5FA4BEBB2B35121700138B35 /* (Mac) Extension.appex */,
			);
			name = Products;
			sourceTree = "<group>";
		};
		5F87CF1E2B33B66A00E951E7 /* (Shared) App */ = {
			isa = PBXGroup;
			children = (
				5FBD16C62B36B63E00B8B1A5 /* NativeWebKitApp.swift */,
				5FBD16AE2B362CB600B8B1A5 /* Browser */,
				5F8949222B35089300AF3341 /* ContentView.swift */,
			);
			path = "(Shared) App";
			sourceTree = "<group>";
		};
		5F87CF1F2B33B67800E951E7 /* (Shared) Extension */ = {
			isa = PBXGroup;
			children = (
				5FA4BE9E2B35119F00138B35 /* Resources */,
				5FA4BE9C2B35119F00138B35 /* SafariWebExtensionHandler.swift */,
			);
			path = "(Shared) Extension";
			sourceTree = "<group>";
		};
		5F89491B2B35089300AF3341 /* (iOS) App */ = {
			isa = PBXGroup;
			children = (
				5FBD16B82B3633EF00B8B1A5 /* BrowserWebView */,
				5F89491E2B35089300AF3341 /* Assets.xcassets */,
				5F8949212B35089300AF3341 /* NativeWebKit.entitlements */,
				5F89491F2B35089300AF3341 /* Preview Content */,
			);
			path = "(iOS) App";
			sourceTree = "<group>";
		};
		5F89491F2B35089300AF3341 /* Preview Content */ = {
			isa = PBXGroup;
			children = (
				5F8949202B35089300AF3341 /* Preview Assets.xcassets */,
			);
			path = "Preview Content";
			sourceTree = "<group>";
		};
		5F89492D2B3508E400AF3341 /* (Mac) App */ = {
			isa = PBXGroup;
			children = (
				5FBD16B92B3633F400B8B1A5 /* Browser */,
				5F8949322B3508E500AF3341 /* Assets.xcassets */,
				5F8949372B3508E500AF3341 /* NativeWebKit.entitlements */,
				5F8949342B3508E500AF3341 /* Preview Content */,
			);
			path = "(Mac) App";
			sourceTree = "<group>";
		};
		5F8949342B3508E500AF3341 /* Preview Content */ = {
			isa = PBXGroup;
			children = (
				5F8949352B3508E500AF3341 /* Preview Assets.xcassets */,
			);
			path = "Preview Content";
			sourceTree = "<group>";
		};
		5FA4BE9B2B35119F00138B35 /* (iOS) Extension */ = {
			isa = PBXGroup;
			children = (
				5FA4BEAF2B35119F00138B35 /* Info.plist */,
			);
			path = "(iOS) Extension";
			sourceTree = "<group>";
		};
		5FA4BE9E2B35119F00138B35 /* Resources */ = {
			isa = PBXGroup;
			children = (
				5FA4BE9F2B35119F00138B35 /* _locales */,
				5FA4BEA12B35119F00138B35 /* images */,
				5FA4BEA32B35119F00138B35 /* manifest.json */,
				5FA4BEA52B35119F00138B35 /* background.js */,
				5FA4BEA72B35119F00138B35 /* content.js */,
				5FA4BEA92B35119F00138B35 /* popup.html */,
				5FA4BEAB2B35119F00138B35 /* popup.css */,
				5FA4BEAD2B35119F00138B35 /* popup.js */,
			);
			path = Resources;
			sourceTree = "<group>";
		};
		5FA4BEBC2B35121700138B35 /* (Mac) Extension */ = {
			isa = PBXGroup;
			children = (
				5FA4BED02B35121700138B35 /* Info.plist */,
				5FA4BED12B35121700138B35 /* Extension.entitlements */,
			);
			path = "(Mac) Extension";
			sourceTree = "<group>";
		};
		5FBD16A32B361B3400B8B1A5 /* Frameworks */ = {
			isa = PBXGroup;
			children = (
			);
			name = Frameworks;
			sourceTree = "<group>";
		};
		5FBD16AE2B362CB600B8B1A5 /* Browser */ = {
			isa = PBXGroup;
			children = (
				5FBD16AA2B361C3900B8B1A5 /* BrowserView.swift */,
				5F5E4BBD2B376E8100230300 /* BrowserViewModel+WKNavigationDelegate.swift */,
				5FBD16CE2B376B2900B8B1A5 /* BrowserView+toolbarItems.swift */,
				5FBD16BE2B36523C00B8B1A5 /* BrowserWebView.swift */,
				5FBD16B22B362D2200B8B1A5 /* BrowserViewModel.swift */,
			);
			path = Browser;
			sourceTree = "<group>";
		};
		5FBD16B82B3633EF00B8B1A5 /* BrowserWebView */ = {
			isa = PBXGroup;
			children = (
				5FBD16BA2B36340500B8B1A5 /* BrowserWebView +UIViewRepresentable.swift */,
				5FBD16CB2B37620300B8B1A5 /* BrowserView+ToolbarItems.swift */,
				5F5E4BC02B37733B00230300 /* BrowserViewModel+UIScrollViewDelegate.swift */,
			);
			path = BrowserWebView;
			sourceTree = "<group>";
		};
		5FBD16B92B3633F400B8B1A5 /* Browser */ = {
			isa = PBXGroup;
			children = (
				5FBD16BC2B36347000B8B1A5 /* BrowserWebView+NSViewRepresentable.swift */,
				5FBD16C92B3761E000B8B1A5 /* BrowserView+ToolbarItems.swift */,
			);
			path = Browser;
			sourceTree = "<group>";
		};
		5FBD16C22B3676BE00B8B1A5 /* utils */ = {
			isa = PBXGroup;
			children = (
				5FBD16C32B3676C600B8B1A5 /* ViewModifier.swift */,
			);
			path = utils;
			sourceTree = "<group>";
		};
/* End PBXGroup section */

/* Begin PBXNativeTarget section */
		5F87CF0B2B33B59900E951E7 /* (iOS) NativeWebKit */ = {
			isa = PBXNativeTarget;
			buildConfigurationList = 5F87CF1B2B33B59A00E951E7 /* Build configuration list for PBXNativeTarget "(iOS) NativeWebKit" */;
			buildPhases = (
				5F87CF082B33B59900E951E7 /* Sources */,
				5F87CF092B33B59900E951E7 /* Frameworks */,
				5F87CF0A2B33B59900E951E7 /* Resources */,
				5FA4BEB62B35119F00138B35 /* Embed Foundation Extensions */,
			);
			buildRules = (
			);
			dependencies = (
				5FA4BEB12B35119F00138B35 /* PBXTargetDependency */,
			);
			name = "(iOS) NativeWebKit";
			packageProductDependencies = (
				5FA4BEE32B361AB200138B35 /* UkatonMacros */,
			);
			productName = NativeWebKit;
			productReference = 5F87CF0C2B33B59900E951E7 /* (iOS) NativeWebKit.app */;
			productType = "com.apple.product-type.application";
		};
		5F89492B2B3508E400AF3341 /* (Mac) NativeWebKit */ = {
			isa = PBXNativeTarget;
			buildConfigurationList = 5F8949382B3508E500AF3341 /* Build configuration list for PBXNativeTarget "(Mac) NativeWebKit" */;
			buildPhases = (
				5F8949282B3508E400AF3341 /* Sources */,
				5F8949292B3508E400AF3341 /* Frameworks */,
				5F89492A2B3508E400AF3341 /* Resources */,
				5FA4BED82B35121700138B35 /* Embed Foundation Extensions */,
			);
			buildRules = (
			);
			dependencies = (
				5FA4BED32B35121700138B35 /* PBXTargetDependency */,
			);
			name = "(Mac) NativeWebKit";
			packageProductDependencies = (
				5FBD16A42B361B3400B8B1A5 /* UkatonMacros */,
			);
			productName = NativeWebKit;
			productReference = 5F89492C2B3508E400AF3341 /* (Mac) NativeWebKit.app */;
			productType = "com.apple.product-type.application";
		};
		5FA4BE992B35119F00138B35 /* (iOS) Extension */ = {
			isa = PBXNativeTarget;
			buildConfigurationList = 5FA4BEB32B35119F00138B35 /* Build configuration list for PBXNativeTarget "(iOS) Extension" */;
			buildPhases = (
				5FA4BE962B35119F00138B35 /* Sources */,
				5FA4BE972B35119F00138B35 /* Frameworks */,
				5FA4BE982B35119F00138B35 /* Resources */,
			);
			buildRules = (
			);
			dependencies = (
			);
			name = "(iOS) Extension";
			packageProductDependencies = (
				5FBD16A62B361B3900B8B1A5 /* UkatonMacros */,
			);
			productName = Extension;
			productReference = 5FA4BE9A2B35119F00138B35 /* (iOS) Extension.appex */;
			productType = "com.apple.product-type.app-extension";
		};
		5FA4BEBA2B35121700138B35 /* (Mac) Extension */ = {
			isa = PBXNativeTarget;
			buildConfigurationList = 5FA4BED52B35121700138B35 /* Build configuration list for PBXNativeTarget "(Mac) Extension" */;
			buildPhases = (
				5FA4BEB72B35121700138B35 /* Sources */,
				5FA4BEB82B35121700138B35 /* Frameworks */,
				5FA4BEB92B35121700138B35 /* Resources */,
			);
			buildRules = (
			);
			dependencies = (
			);
			name = "(Mac) Extension";
			packageProductDependencies = (
				5FBD16A82B361B3B00B8B1A5 /* UkatonMacros */,
			);
			productName = Extension;
			productReference = 5FA4BEBB2B35121700138B35 /* (Mac) Extension.appex */;
			productType = "com.apple.product-type.app-extension";
		};
/* End PBXNativeTarget section */

/* Begin PBXProject section */
		5F87CF042B33B59900E951E7 /* Project object */ = {
			isa = PBXProject;
			attributes = {
				BuildIndependentTargetsInParallel = 1;
				LastSwiftUpdateCheck = 1520;
				LastUpgradeCheck = 1520;
				TargetAttributes = {
					5F87CF0B2B33B59900E951E7 = {
						CreatedOnToolsVersion = 15.2;
					};
					5F89492B2B3508E400AF3341 = {
						CreatedOnToolsVersion = 15.2;
					};
					5FA4BE992B35119F00138B35 = {
						CreatedOnToolsVersion = 15.2;
					};
					5FA4BEBA2B35121700138B35 = {
						CreatedOnToolsVersion = 15.2;
					};
				};
			};
			buildConfigurationList = 5F87CF072B33B59900E951E7 /* Build configuration list for PBXProject "NativeWebKit" */;
			compatibilityVersion = "Xcode 14.0";
			developmentRegion = en;
			hasScannedForEncodings = 0;
			knownRegions = (
				en,
				Base,
			);
			mainGroup = 5F87CF032B33B59900E951E7;
			packageReferences = (
				5FA4BEE22B361AB200138B35 /* XCRemoteSwiftPackageReference "UkatonSwiftMacros" */,
			);
			productRefGroup = 5F87CF0D2B33B59900E951E7 /* Products */;
			projectDirPath = "";
			projectRoot = "";
			targets = (
				5F87CF0B2B33B59900E951E7 /* (iOS) NativeWebKit */,
				5F89492B2B3508E400AF3341 /* (Mac) NativeWebKit */,
				5FA4BE992B35119F00138B35 /* (iOS) Extension */,
				5FA4BEBA2B35121700138B35 /* (Mac) Extension */,
			);
		};
/* End PBXProject section */

/* Begin PBXResourcesBuildPhase section */
		5F87CF0A2B33B59900E951E7 /* Resources */ = {
			isa = PBXResourcesBuildPhase;
			buildActionMask = 2147483647;
			files = (
				5FD60D762B350DF700D6F98C /* Assets.xcassets in Resources */,
				5F8949262B35089300AF3341 /* Preview Assets.xcassets in Resources */,
			);
			runOnlyForDeploymentPostprocessing = 0;
		};
		5F89492A2B3508E400AF3341 /* Resources */ = {
			isa = PBXResourcesBuildPhase;
			buildActionMask = 2147483647;
			files = (
				5F8949362B3508E500AF3341 /* Preview Assets.xcassets in Resources */,
				5FD60D772B350DF700D6F98C /* Assets.xcassets in Resources */,
			);
			runOnlyForDeploymentPostprocessing = 0;
		};
		5FA4BE982B35119F00138B35 /* Resources */ = {
			isa = PBXResourcesBuildPhase;
			buildActionMask = 2147483647;
			files = (
				5FA4BEA62B35119F00138B35 /* background.js in Resources */,
				5FA4BEAC2B35119F00138B35 /* popup.css in Resources */,
				5FA4BEAA2B35119F00138B35 /* popup.html in Resources */,
				5FA4BEA22B35119F00138B35 /* images in Resources */,
				5FA4BEA42B35119F00138B35 /* manifest.json in Resources */,
				5FA4BEA02B35119F00138B35 /* _locales in Resources */,
				5FA4BEA82B35119F00138B35 /* content.js in Resources */,
				5FA4BEAE2B35119F00138B35 /* popup.js in Resources */,
			);
			runOnlyForDeploymentPostprocessing = 0;
		};
		5FA4BEB92B35121700138B35 /* Resources */ = {
			isa = PBXResourcesBuildPhase;
			buildActionMask = 2147483647;
			files = (
				5FA4BEDD2B3516E300138B35 /* manifest.json in Resources */,
				5FA4BEDF2B3516E300138B35 /* popup.js in Resources */,
				5FA4BEDE2B3516E300138B35 /* popup.html in Resources */,
				5FA4BEDC2B3516E300138B35 /* content.js in Resources */,
				5FA4BEE12B3516F100138B35 /* images in Resources */,
				5FA4BEDB2B3516E300138B35 /* popup.css in Resources */,
				5FA4BEE02B3516EE00138B35 /* _locales in Resources */,
				5FA4BEDA2B3516E300138B35 /* background.js in Resources */,
			);
			runOnlyForDeploymentPostprocessing = 0;
		};
/* End PBXResourcesBuildPhase section */

/* Begin PBXSourcesBuildPhase section */
		5F87CF082B33B59900E951E7 /* Sources */ = {
			isa = PBXSourcesBuildPhase;
			buildActionMask = 2147483647;
			files = (
				5FBD16CD2B37621600B8B1A5 /* BrowserView+ToolbarItems.swift in Sources */,
				5F8949272B35089300AF3341 /* ContentView.swift in Sources */,
				5FBD16BB2B36340500B8B1A5 /* BrowserWebView +UIViewRepresentable.swift in Sources */,
				5FBD16B32B362D2200B8B1A5 /* BrowserViewModel.swift in Sources */,
				5FBD16AB2B361C3900B8B1A5 /* BrowserView.swift in Sources */,
				5F5E4BBE2B376E8100230300 /* BrowserViewModel+WKNavigationDelegate.swift in Sources */,
				5FBD16C42B3676C600B8B1A5 /* ViewModifier.swift in Sources */,
				5FBD16BF2B36523C00B8B1A5 /* BrowserWebView.swift in Sources */,
				5FBD16CF2B376B2900B8B1A5 /* BrowserView+toolbarItems.swift in Sources */,
				5F5E4BC12B37733B00230300 /* BrowserViewModel+UIScrollViewDelegate.swift in Sources */,
				5FBD16C82B37520F00B8B1A5 /* NativeWebKitApp.swift in Sources */,
			);
			runOnlyForDeploymentPostprocessing = 0;
		};
		5F8949282B3508E400AF3341 /* Sources */ = {
			isa = PBXSourcesBuildPhase;
			buildActionMask = 2147483647;
			files = (
				5FBD16CA2B3761E000B8B1A5 /* BrowserView+ToolbarItems.swift in Sources */,
				5FBD16BD2B36347000B8B1A5 /* BrowserWebView+NSViewRepresentable.swift in Sources */,
				5FBD16C12B36539300B8B1A5 /* ContentView.swift in Sources */,
				5FBD16B42B362D2200B8B1A5 /* BrowserViewModel.swift in Sources */,
				5FBD16AC2B361C3900B8B1A5 /* BrowserView.swift in Sources */,
				5F5E4BBF2B376E8100230300 /* BrowserViewModel+WKNavigationDelegate.swift in Sources */,
				5FBD16C52B3676C600B8B1A5 /* ViewModifier.swift in Sources */,
				5FBD16C02B36523C00B8B1A5 /* BrowserWebView.swift in Sources */,
				5FBD16D02B376B2900B8B1A5 /* BrowserView+toolbarItems.swift in Sources */,
				5FBD16C72B36B63E00B8B1A5 /* NativeWebKitApp.swift in Sources */,
			);
			runOnlyForDeploymentPostprocessing = 0;
		};
		5FA4BE962B35119F00138B35 /* Sources */ = {
			isa = PBXSourcesBuildPhase;
			buildActionMask = 2147483647;
			files = (
				5FA4BE9D2B35119F00138B35 /* SafariWebExtensionHandler.swift in Sources */,
			);
			runOnlyForDeploymentPostprocessing = 0;
		};
		5FA4BEB72B35121700138B35 /* Sources */ = {
			isa = PBXSourcesBuildPhase;
			buildActionMask = 2147483647;
			files = (
				5FA4BED92B3516B300138B35 /* SafariWebExtensionHandler.swift in Sources */,
			);
			runOnlyForDeploymentPostprocessing = 0;
		};
/* End PBXSourcesBuildPhase section */

/* Begin PBXTargetDependency section */
		5FA4BEB12B35119F00138B35 /* PBXTargetDependency */ = {
			isa = PBXTargetDependency;
			target = 5FA4BE992B35119F00138B35 /* (iOS) Extension */;
			targetProxy = 5FA4BEB02B35119F00138B35 /* PBXContainerItemProxy */;
		};
		5FA4BED32B35121700138B35 /* PBXTargetDependency */ = {
			isa = PBXTargetDependency;
			target = 5FA4BEBA2B35121700138B35 /* (Mac) Extension */;
			targetProxy = 5FA4BED22B35121700138B35 /* PBXContainerItemProxy */;
		};
/* End PBXTargetDependency section */

/* Begin XCBuildConfiguration section */
		5F87CF192B33B59A00E951E7 /* Debug */ = {
			isa = XCBuildConfiguration;
			buildSettings = {
				ALWAYS_SEARCH_USER_PATHS = NO;
				ASSETCATALOG_COMPILER_GENERATE_SWIFT_ASSET_SYMBOL_EXTENSIONS = YES;
				CLANG_ANALYZER_NONNULL = YES;
				CLANG_ANALYZER_NUMBER_OBJECT_CONVERSION = YES_AGGRESSIVE;
				CLANG_CXX_LANGUAGE_STANDARD = "gnu++20";
				CLANG_ENABLE_MODULES = YES;
				CLANG_ENABLE_OBJC_ARC = YES;
				CLANG_ENABLE_OBJC_WEAK = YES;
				CLANG_WARN_BLOCK_CAPTURE_AUTORELEASING = YES;
				CLANG_WARN_BOOL_CONVERSION = YES;
				CLANG_WARN_COMMA = YES;
				CLANG_WARN_CONSTANT_CONVERSION = YES;
				CLANG_WARN_DEPRECATED_OBJC_IMPLEMENTATIONS = YES;
				CLANG_WARN_DIRECT_OBJC_ISA_USAGE = YES_ERROR;
				CLANG_WARN_DOCUMENTATION_COMMENTS = YES;
				CLANG_WARN_EMPTY_BODY = YES;
				CLANG_WARN_ENUM_CONVERSION = YES;
				CLANG_WARN_INFINITE_RECURSION = YES;
				CLANG_WARN_INT_CONVERSION = YES;
				CLANG_WARN_NON_LITERAL_NULL_CONVERSION = YES;
				CLANG_WARN_OBJC_IMPLICIT_RETAIN_SELF = YES;
				CLANG_WARN_OBJC_LITERAL_CONVERSION = YES;
				CLANG_WARN_OBJC_ROOT_CLASS = YES_ERROR;
				CLANG_WARN_QUOTED_INCLUDE_IN_FRAMEWORK_HEADER = YES;
				CLANG_WARN_RANGE_LOOP_ANALYSIS = YES;
				CLANG_WARN_STRICT_PROTOTYPES = YES;
				CLANG_WARN_SUSPICIOUS_MOVE = YES;
				CLANG_WARN_UNGUARDED_AVAILABILITY = YES_AGGRESSIVE;
				CLANG_WARN_UNREACHABLE_CODE = YES;
				CLANG_WARN__DUPLICATE_METHOD_MATCH = YES;
				COPY_PHASE_STRIP = NO;
				DEBUG_INFORMATION_FORMAT = dwarf;
				ENABLE_STRICT_OBJC_MSGSEND = YES;
				ENABLE_TESTABILITY = YES;
				ENABLE_USER_SCRIPT_SANDBOXING = YES;
				GCC_C_LANGUAGE_STANDARD = gnu17;
				GCC_DYNAMIC_NO_PIC = NO;
				GCC_NO_COMMON_BLOCKS = YES;
				GCC_OPTIMIZATION_LEVEL = 0;
				GCC_PREPROCESSOR_DEFINITIONS = (
					"DEBUG=1",
					"$(inherited)",
				);
				GCC_WARN_64_TO_32_BIT_CONVERSION = YES;
				GCC_WARN_ABOUT_RETURN_TYPE = YES_ERROR;
				GCC_WARN_UNDECLARED_SELECTOR = YES;
				GCC_WARN_UNINITIALIZED_AUTOS = YES_AGGRESSIVE;
				GCC_WARN_UNUSED_FUNCTION = YES;
				GCC_WARN_UNUSED_VARIABLE = YES;
				LOCALIZATION_PREFERS_STRING_CATALOGS = YES;
				MTL_ENABLE_DEBUG_INFO = INCLUDE_SOURCE;
				MTL_FAST_MATH = YES;
				ONLY_ACTIVE_ARCH = YES;
				SWIFT_ACTIVE_COMPILATION_CONDITIONS = "DEBUG $(inherited)";
				SWIFT_OPTIMIZATION_LEVEL = "-Onone";
			};
			name = Debug;
		};
		5F87CF1A2B33B59A00E951E7 /* Release */ = {
			isa = XCBuildConfiguration;
			buildSettings = {
				ALWAYS_SEARCH_USER_PATHS = NO;
				ASSETCATALOG_COMPILER_GENERATE_SWIFT_ASSET_SYMBOL_EXTENSIONS = YES;
				CLANG_ANALYZER_NONNULL = YES;
				CLANG_ANALYZER_NUMBER_OBJECT_CONVERSION = YES_AGGRESSIVE;
				CLANG_CXX_LANGUAGE_STANDARD = "gnu++20";
				CLANG_ENABLE_MODULES = YES;
				CLANG_ENABLE_OBJC_ARC = YES;
				CLANG_ENABLE_OBJC_WEAK = YES;
				CLANG_WARN_BLOCK_CAPTURE_AUTORELEASING = YES;
				CLANG_WARN_BOOL_CONVERSION = YES;
				CLANG_WARN_COMMA = YES;
				CLANG_WARN_CONSTANT_CONVERSION = YES;
				CLANG_WARN_DEPRECATED_OBJC_IMPLEMENTATIONS = YES;
				CLANG_WARN_DIRECT_OBJC_ISA_USAGE = YES_ERROR;
				CLANG_WARN_DOCUMENTATION_COMMENTS = YES;
				CLANG_WARN_EMPTY_BODY = YES;
				CLANG_WARN_ENUM_CONVERSION = YES;
				CLANG_WARN_INFINITE_RECURSION = YES;
				CLANG_WARN_INT_CONVERSION = YES;
				CLANG_WARN_NON_LITERAL_NULL_CONVERSION = YES;
				CLANG_WARN_OBJC_IMPLICIT_RETAIN_SELF = YES;
				CLANG_WARN_OBJC_LITERAL_CONVERSION = YES;
				CLANG_WARN_OBJC_ROOT_CLASS = YES_ERROR;
				CLANG_WARN_QUOTED_INCLUDE_IN_FRAMEWORK_HEADER = YES;
				CLANG_WARN_RANGE_LOOP_ANALYSIS = YES;
				CLANG_WARN_STRICT_PROTOTYPES = YES;
				CLANG_WARN_SUSPICIOUS_MOVE = YES;
				CLANG_WARN_UNGUARDED_AVAILABILITY = YES_AGGRESSIVE;
				CLANG_WARN_UNREACHABLE_CODE = YES;
				CLANG_WARN__DUPLICATE_METHOD_MATCH = YES;
				COPY_PHASE_STRIP = NO;
				DEBUG_INFORMATION_FORMAT = "dwarf-with-dsym";
				ENABLE_NS_ASSERTIONS = NO;
				ENABLE_STRICT_OBJC_MSGSEND = YES;
				ENABLE_USER_SCRIPT_SANDBOXING = YES;
				GCC_C_LANGUAGE_STANDARD = gnu17;
				GCC_NO_COMMON_BLOCKS = YES;
				GCC_WARN_64_TO_32_BIT_CONVERSION = YES;
				GCC_WARN_ABOUT_RETURN_TYPE = YES_ERROR;
				GCC_WARN_UNDECLARED_SELECTOR = YES;
				GCC_WARN_UNINITIALIZED_AUTOS = YES_AGGRESSIVE;
				GCC_WARN_UNUSED_FUNCTION = YES;
				GCC_WARN_UNUSED_VARIABLE = YES;
				LOCALIZATION_PREFERS_STRING_CATALOGS = YES;
				MTL_ENABLE_DEBUG_INFO = NO;
				MTL_FAST_MATH = YES;
				SWIFT_COMPILATION_MODE = wholemodule;
			};
			name = Release;
		};
		5F87CF1C2B33B59A00E951E7 /* Debug */ = {
			isa = XCBuildConfiguration;
			buildSettings = {
				ALWAYS_EMBED_SWIFT_STANDARD_LIBRARIES = YES;
				ASSETCATALOG_COMPILER_APPICON_NAME = AppIcon;
				ASSETCATALOG_COMPILER_GLOBAL_ACCENT_COLOR_NAME = AccentColor;
				CODE_SIGN_ENTITLEMENTS = "(iOS) App/NativeWebKit.entitlements";
				CODE_SIGN_STYLE = Automatic;
				CURRENT_PROJECT_VERSION = 1;
				DEVELOPMENT_ASSET_PATHS = "\"(iOS) App/Preview Content\"";
				DEVELOPMENT_TEAM = X3KF23SMC7;
				ENABLE_HARDENED_RUNTIME = YES;
				ENABLE_PREVIEWS = YES;
				GENERATE_INFOPLIST_FILE = YES;
				INFOPLIST_KEY_CFBundleDisplayName = NativeWebKit;
				INFOPLIST_KEY_LSApplicationCategoryType = "public.app-category.developer-tools";
				"INFOPLIST_KEY_UIApplicationSceneManifest_Generation[sdk=iphoneos*]" = YES;
				"INFOPLIST_KEY_UIApplicationSceneManifest_Generation[sdk=iphonesimulator*]" = YES;
				"INFOPLIST_KEY_UIApplicationSupportsIndirectInputEvents[sdk=iphoneos*]" = YES;
				"INFOPLIST_KEY_UIApplicationSupportsIndirectInputEvents[sdk=iphonesimulator*]" = YES;
				"INFOPLIST_KEY_UILaunchScreen_Generation[sdk=iphoneos*]" = YES;
				"INFOPLIST_KEY_UILaunchScreen_Generation[sdk=iphonesimulator*]" = YES;
				"INFOPLIST_KEY_UIStatusBarStyle[sdk=iphoneos*]" = UIStatusBarStyleDefault;
				"INFOPLIST_KEY_UIStatusBarStyle[sdk=iphonesimulator*]" = UIStatusBarStyleDefault;
				INFOPLIST_KEY_UISupportedInterfaceOrientations_iPad = "UIInterfaceOrientationPortrait UIInterfaceOrientationPortraitUpsideDown UIInterfaceOrientationLandscapeLeft UIInterfaceOrientationLandscapeRight";
				INFOPLIST_KEY_UISupportedInterfaceOrientations_iPhone = "UIInterfaceOrientationPortrait UIInterfaceOrientationLandscapeLeft UIInterfaceOrientationLandscapeRight";
				IPHONEOS_DEPLOYMENT_TARGET = 17.0;
				LD_RUNPATH_SEARCH_PATHS = "@executable_path/Frameworks";
				"LD_RUNPATH_SEARCH_PATHS[sdk=macosx*]" = "@executable_path/../Frameworks";
				MACOSX_DEPLOYMENT_TARGET = 14.0;
				MARKETING_VERSION = 1.0;
				PRODUCT_BUNDLE_IDENTIFIER = com.zakaton.NativeWebKit;
				PRODUCT_NAME = "$(TARGET_NAME)";
				SDKROOT = auto;
				SUPPORTED_PLATFORMS = "iphoneos iphonesimulator";
				SUPPORTS_MACCATALYST = NO;
				SUPPORTS_XR_DESIGNED_FOR_IPHONE_IPAD = YES;
				SWIFT_EMIT_LOC_STRINGS = YES;
				SWIFT_VERSION = 5.0;
				TARGETED_DEVICE_FAMILY = "1,2";
			};
			name = Debug;
		};
		5F87CF1D2B33B59A00E951E7 /* Release */ = {
			isa = XCBuildConfiguration;
			buildSettings = {
				ALWAYS_EMBED_SWIFT_STANDARD_LIBRARIES = YES;
				ASSETCATALOG_COMPILER_APPICON_NAME = AppIcon;
				ASSETCATALOG_COMPILER_GLOBAL_ACCENT_COLOR_NAME = AccentColor;
				CODE_SIGN_ENTITLEMENTS = "(iOS) App/NativeWebKit.entitlements";
				CODE_SIGN_STYLE = Automatic;
				CURRENT_PROJECT_VERSION = 1;
				DEVELOPMENT_ASSET_PATHS = "\"(iOS) App/Preview Content\"";
				DEVELOPMENT_TEAM = X3KF23SMC7;
				ENABLE_HARDENED_RUNTIME = YES;
				ENABLE_PREVIEWS = YES;
				GENERATE_INFOPLIST_FILE = YES;
				INFOPLIST_KEY_CFBundleDisplayName = NativeWebKit;
				INFOPLIST_KEY_LSApplicationCategoryType = "public.app-category.developer-tools";
				"INFOPLIST_KEY_UIApplicationSceneManifest_Generation[sdk=iphoneos*]" = YES;
				"INFOPLIST_KEY_UIApplicationSceneManifest_Generation[sdk=iphonesimulator*]" = YES;
				"INFOPLIST_KEY_UIApplicationSupportsIndirectInputEvents[sdk=iphoneos*]" = YES;
				"INFOPLIST_KEY_UIApplicationSupportsIndirectInputEvents[sdk=iphonesimulator*]" = YES;
				"INFOPLIST_KEY_UILaunchScreen_Generation[sdk=iphoneos*]" = YES;
				"INFOPLIST_KEY_UILaunchScreen_Generation[sdk=iphonesimulator*]" = YES;
				"INFOPLIST_KEY_UIStatusBarStyle[sdk=iphoneos*]" = UIStatusBarStyleDefault;
				"INFOPLIST_KEY_UIStatusBarStyle[sdk=iphonesimulator*]" = UIStatusBarStyleDefault;
				INFOPLIST_KEY_UISupportedInterfaceOrientations_iPad = "UIInterfaceOrientationPortrait UIInterfaceOrientationPortraitUpsideDown UIInterfaceOrientationLandscapeLeft UIInterfaceOrientationLandscapeRight";
				INFOPLIST_KEY_UISupportedInterfaceOrientations_iPhone = "UIInterfaceOrientationPortrait UIInterfaceOrientationLandscapeLeft UIInterfaceOrientationLandscapeRight";
				IPHONEOS_DEPLOYMENT_TARGET = 17.0;
				LD_RUNPATH_SEARCH_PATHS = "@executable_path/Frameworks";
				"LD_RUNPATH_SEARCH_PATHS[sdk=macosx*]" = "@executable_path/../Frameworks";
				MACOSX_DEPLOYMENT_TARGET = 14.0;
				MARKETING_VERSION = 1.0;
				PRODUCT_BUNDLE_IDENTIFIER = com.zakaton.NativeWebKit;
				PRODUCT_NAME = "$(TARGET_NAME)";
				SDKROOT = auto;
				SUPPORTED_PLATFORMS = "iphoneos iphonesimulator";
				SUPPORTS_MACCATALYST = NO;
				SUPPORTS_XR_DESIGNED_FOR_IPHONE_IPAD = YES;
				SWIFT_EMIT_LOC_STRINGS = YES;
				SWIFT_VERSION = 5.0;
				TARGETED_DEVICE_FAMILY = "1,2";
			};
			name = Release;
		};
		5F8949392B3508E500AF3341 /* Debug */ = {
			isa = XCBuildConfiguration;
			buildSettings = {
				ALWAYS_EMBED_SWIFT_STANDARD_LIBRARIES = YES;
				ASSETCATALOG_COMPILER_APPICON_NAME = AppIcon;
				ASSETCATALOG_COMPILER_GLOBAL_ACCENT_COLOR_NAME = AccentColor;
				ASSETCATALOG_COMPILER_INCLUDE_ALL_APPICON_ASSETS = NO;
				CODE_SIGN_ENTITLEMENTS = "(Mac) App/NativeWebKit.entitlements";
				"CODE_SIGN_IDENTITY[sdk=macosx*]" = "Apple Development";
				CODE_SIGN_STYLE = Automatic;
				COMBINE_HIDPI_IMAGES = YES;
				CURRENT_PROJECT_VERSION = 1;
				DEVELOPMENT_ASSET_PATHS = "\"(Mac) App/Preview Content\"";
				DEVELOPMENT_TEAM = X3KF23SMC7;
				ENABLE_HARDENED_RUNTIME = YES;
				ENABLE_PREVIEWS = YES;
				GENERATE_INFOPLIST_FILE = YES;
				INFOPLIST_KEY_CFBundleDisplayName = NativeWebKit;
				INFOPLIST_KEY_LSApplicationCategoryType = "public.app-category.developer-tools";
				INFOPLIST_KEY_NSHumanReadableCopyright = "";
				LD_RUNPATH_SEARCH_PATHS = (
					"$(inherited)",
					"@executable_path/../Frameworks",
				);
				MACOSX_DEPLOYMENT_TARGET = 14.0;
				MARKETING_VERSION = 1.0;
				PRODUCT_BUNDLE_IDENTIFIER = com.zakaton.NativeWebKit;
				PRODUCT_NAME = "$(TARGET_NAME)";
				SDKROOT = macosx;
				SWIFT_EMIT_LOC_STRINGS = YES;
				SWIFT_VERSION = 5.0;
			};
			name = Debug;
		};
		5F89493A2B3508E500AF3341 /* Release */ = {
			isa = XCBuildConfiguration;
			buildSettings = {
				ALWAYS_EMBED_SWIFT_STANDARD_LIBRARIES = YES;
				ASSETCATALOG_COMPILER_APPICON_NAME = AppIcon;
				ASSETCATALOG_COMPILER_GLOBAL_ACCENT_COLOR_NAME = AccentColor;
				ASSETCATALOG_COMPILER_INCLUDE_ALL_APPICON_ASSETS = NO;
				CODE_SIGN_ENTITLEMENTS = "(Mac) App/NativeWebKit.entitlements";
				"CODE_SIGN_IDENTITY[sdk=macosx*]" = "Apple Development";
				CODE_SIGN_STYLE = Automatic;
				COMBINE_HIDPI_IMAGES = YES;
				CURRENT_PROJECT_VERSION = 1;
				DEVELOPMENT_ASSET_PATHS = "\"(Mac) App/Preview Content\"";
				DEVELOPMENT_TEAM = X3KF23SMC7;
				ENABLE_HARDENED_RUNTIME = YES;
				ENABLE_PREVIEWS = YES;
				GENERATE_INFOPLIST_FILE = YES;
				INFOPLIST_KEY_CFBundleDisplayName = NativeWebKit;
				INFOPLIST_KEY_LSApplicationCategoryType = "public.app-category.developer-tools";
				INFOPLIST_KEY_NSHumanReadableCopyright = "";
				LD_RUNPATH_SEARCH_PATHS = (
					"$(inherited)",
					"@executable_path/../Frameworks",
				);
				MACOSX_DEPLOYMENT_TARGET = 14.0;
				MARKETING_VERSION = 1.0;
				PRODUCT_BUNDLE_IDENTIFIER = com.zakaton.NativeWebKit;
				PRODUCT_NAME = "$(TARGET_NAME)";
				SDKROOT = macosx;
				SWIFT_EMIT_LOC_STRINGS = YES;
				SWIFT_VERSION = 5.0;
			};
			name = Release;
		};
		5FA4BEB42B35119F00138B35 /* Debug */ = {
			isa = XCBuildConfiguration;
			buildSettings = {
				CODE_SIGN_STYLE = Automatic;
				CURRENT_PROJECT_VERSION = 1;
				DEVELOPMENT_TEAM = X3KF23SMC7;
				GENERATE_INFOPLIST_FILE = YES;
				INFOPLIST_FILE = "(iOS) Extension/Info.plist";
				INFOPLIST_KEY_CFBundleDisplayName = Extension;
				INFOPLIST_KEY_NSHumanReadableCopyright = "";
				IPHONEOS_DEPLOYMENT_TARGET = 17.0;
				LD_RUNPATH_SEARCH_PATHS = (
					"$(inherited)",
					"@executable_path/Frameworks",
					"@executable_path/../../Frameworks",
				);
				MARKETING_VERSION = 1.0;
				OTHER_LDFLAGS = (
					"-framework",
					SafariServices,
				);
				PRODUCT_BUNDLE_IDENTIFIER = com.zakaton.NativeWebKit.Extension;
				PRODUCT_NAME = "$(TARGET_NAME)";
				SDKROOT = iphoneos;
				SKIP_INSTALL = YES;
				SUPPORTED_PLATFORMS = "iphoneos iphonesimulator";
				SUPPORTS_MACCATALYST = NO;
				SUPPORTS_MAC_DESIGNED_FOR_IPHONE_IPAD = NO;
				SWIFT_EMIT_LOC_STRINGS = YES;
				SWIFT_VERSION = 5.0;
				TARGETED_DEVICE_FAMILY = "1,2";
			};
			name = Debug;
		};
		5FA4BEB52B35119F00138B35 /* Release */ = {
			isa = XCBuildConfiguration;
			buildSettings = {
				CODE_SIGN_STYLE = Automatic;
				CURRENT_PROJECT_VERSION = 1;
				DEVELOPMENT_TEAM = X3KF23SMC7;
				GENERATE_INFOPLIST_FILE = YES;
				INFOPLIST_FILE = "(iOS) Extension/Info.plist";
				INFOPLIST_KEY_CFBundleDisplayName = Extension;
				INFOPLIST_KEY_NSHumanReadableCopyright = "";
				IPHONEOS_DEPLOYMENT_TARGET = 17.0;
				LD_RUNPATH_SEARCH_PATHS = (
					"$(inherited)",
					"@executable_path/Frameworks",
					"@executable_path/../../Frameworks",
				);
				MARKETING_VERSION = 1.0;
				OTHER_LDFLAGS = (
					"-framework",
					SafariServices,
				);
				PRODUCT_BUNDLE_IDENTIFIER = com.zakaton.NativeWebKit.Extension;
				PRODUCT_NAME = "$(TARGET_NAME)";
				SDKROOT = iphoneos;
				SKIP_INSTALL = YES;
				SUPPORTED_PLATFORMS = "iphoneos iphonesimulator";
				SUPPORTS_MACCATALYST = NO;
				SUPPORTS_MAC_DESIGNED_FOR_IPHONE_IPAD = NO;
				SWIFT_EMIT_LOC_STRINGS = YES;
				SWIFT_VERSION = 5.0;
				TARGETED_DEVICE_FAMILY = "1,2";
				VALIDATE_PRODUCT = YES;
			};
			name = Release;
		};
		5FA4BED62B35121700138B35 /* Debug */ = {
			isa = XCBuildConfiguration;
			buildSettings = {
				CODE_SIGN_ENTITLEMENTS = "(Mac) Extension/Extension.entitlements";
				"CODE_SIGN_IDENTITY[sdk=macosx*]" = "Apple Development";
				CODE_SIGN_STYLE = Automatic;
				CURRENT_PROJECT_VERSION = 1;
				DEVELOPMENT_TEAM = X3KF23SMC7;
				ENABLE_HARDENED_RUNTIME = YES;
				GENERATE_INFOPLIST_FILE = YES;
				INFOPLIST_FILE = "(Mac) Extension/Info.plist";
				INFOPLIST_KEY_CFBundleDisplayName = Extension;
				INFOPLIST_KEY_NSHumanReadableCopyright = "";
				LD_RUNPATH_SEARCH_PATHS = (
					"$(inherited)",
					"@executable_path/../Frameworks",
					"@executable_path/../../../../Frameworks",
				);
				MACOSX_DEPLOYMENT_TARGET = 14.0;
				MARKETING_VERSION = 1.0;
				OTHER_LDFLAGS = (
					"-framework",
					SafariServices,
				);
				PRODUCT_BUNDLE_IDENTIFIER = com.zakaton.NativeWebKit.Extension;
				PRODUCT_NAME = "$(TARGET_NAME)";
				SDKROOT = macosx;
				SKIP_INSTALL = YES;
				SWIFT_EMIT_LOC_STRINGS = YES;
				SWIFT_VERSION = 5.0;
			};
			name = Debug;
		};
		5FA4BED72B35121700138B35 /* Release */ = {
			isa = XCBuildConfiguration;
			buildSettings = {
				CODE_SIGN_ENTITLEMENTS = "(Mac) Extension/Extension.entitlements";
				"CODE_SIGN_IDENTITY[sdk=macosx*]" = "Apple Development";
				CODE_SIGN_STYLE = Automatic;
				CURRENT_PROJECT_VERSION = 1;
				DEVELOPMENT_TEAM = X3KF23SMC7;
				ENABLE_HARDENED_RUNTIME = YES;
				GENERATE_INFOPLIST_FILE = YES;
				INFOPLIST_FILE = "(Mac) Extension/Info.plist";
				INFOPLIST_KEY_CFBundleDisplayName = Extension;
				INFOPLIST_KEY_NSHumanReadableCopyright = "";
				LD_RUNPATH_SEARCH_PATHS = (
					"$(inherited)",
					"@executable_path/../Frameworks",
					"@executable_path/../../../../Frameworks",
				);
				MACOSX_DEPLOYMENT_TARGET = 14.0;
				MARKETING_VERSION = 1.0;
				OTHER_LDFLAGS = (
					"-framework",
					SafariServices,
				);
				PRODUCT_BUNDLE_IDENTIFIER = com.zakaton.NativeWebKit.Extension;
				PRODUCT_NAME = "$(TARGET_NAME)";
				SDKROOT = macosx;
				SKIP_INSTALL = YES;
				SWIFT_EMIT_LOC_STRINGS = YES;
				SWIFT_VERSION = 5.0;
			};
			name = Release;
		};
/* End XCBuildConfiguration section */

/* Begin XCConfigurationList section */
		5F87CF072B33B59900E951E7 /* Build configuration list for PBXProject "NativeWebKit" */ = {
			isa = XCConfigurationList;
			buildConfigurations = (
				5F87CF192B33B59A00E951E7 /* Debug */,
				5F87CF1A2B33B59A00E951E7 /* Release */,
			);
			defaultConfigurationIsVisible = 0;
			defaultConfigurationName = Release;
		};
		5F87CF1B2B33B59A00E951E7 /* Build configuration list for PBXNativeTarget "(iOS) NativeWebKit" */ = {
			isa = XCConfigurationList;
			buildConfigurations = (
				5F87CF1C2B33B59A00E951E7 /* Debug */,
				5F87CF1D2B33B59A00E951E7 /* Release */,
			);
			defaultConfigurationIsVisible = 0;
			defaultConfigurationName = Release;
		};
		5F8949382B3508E500AF3341 /* Build configuration list for PBXNativeTarget "(Mac) NativeWebKit" */ = {
			isa = XCConfigurationList;
			buildConfigurations = (
				5F8949392B3508E500AF3341 /* Debug */,
				5F89493A2B3508E500AF3341 /* Release */,
			);
			defaultConfigurationIsVisible = 0;
			defaultConfigurationName = Release;
		};
		5FA4BEB32B35119F00138B35 /* Build configuration list for PBXNativeTarget "(iOS) Extension" */ = {
			isa = XCConfigurationList;
			buildConfigurations = (
				5FA4BEB42B35119F00138B35 /* Debug */,
				5FA4BEB52B35119F00138B35 /* Release */,
			);
			defaultConfigurationIsVisible = 0;
			defaultConfigurationName = Release;
		};
		5FA4BED52B35121700138B35 /* Build configuration list for PBXNativeTarget "(Mac) Extension" */ = {
			isa = XCConfigurationList;
			buildConfigurations = (
				5FA4BED62B35121700138B35 /* Debug */,
				5FA4BED72B35121700138B35 /* Release */,
			);
			defaultConfigurationIsVisible = 0;
			defaultConfigurationName = Release;
		};
/* End XCConfigurationList section */

/* Begin XCRemoteSwiftPackageReference section */
		5FA4BEE22B361AB200138B35 /* XCRemoteSwiftPackageReference "UkatonSwiftMacros" */ = {
			isa = XCRemoteSwiftPackageReference;
			repositoryURL = /Users/zakaton/Documents/GitHub/UkatonSwiftMacros;
			requirement = {
				branch = main;
				kind = branch;
			};
		};
/* End XCRemoteSwiftPackageReference section */

/* Begin XCSwiftPackageProductDependency section */
		5FA4BEE32B361AB200138B35 /* UkatonMacros */ = {
			isa = XCSwiftPackageProductDependency;
			package = 5FA4BEE22B361AB200138B35 /* XCRemoteSwiftPackageReference "UkatonSwiftMacros" */;
			productName = UkatonMacros;
		};
		5FBD16A42B361B3400B8B1A5 /* UkatonMacros */ = {
			isa = XCSwiftPackageProductDependency;
			package = 5FA4BEE22B361AB200138B35 /* XCRemoteSwiftPackageReference "UkatonSwiftMacros" */;
			productName = UkatonMacros;
		};
		5FBD16A62B361B3900B8B1A5 /* UkatonMacros */ = {
			isa = XCSwiftPackageProductDependency;
			package = 5FA4BEE22B361AB200138B35 /* XCRemoteSwiftPackageReference "UkatonSwiftMacros" */;
			productName = UkatonMacros;
		};
		5FBD16A82B361B3B00B8B1A5 /* UkatonMacros */ = {
			isa = XCSwiftPackageProductDependency;
			package = 5FA4BEE22B361AB200138B35 /* XCRemoteSwiftPackageReference "UkatonSwiftMacros" */;
			productName = UkatonMacros;
		};
/* End XCSwiftPackageProductDependency section */
	};
	rootObject = 5F87CF042B33B59900E951E7 /* Project object */;
}
